{
  "name": "@surfaceloom/reference-agent",
  "version": "0.1.0",
  "lockfileVersion": 3,
  "requires": true,
  "packages": {
    "": {
      "name": "@surfaceloom/reference-agent",
      "version": "0.1.0",
      "license": "MIT",
      "dependencies": {
        "@surfaceloom/browser-playwright": "file:../../packages/browser-playwright",
        "@surfaceloom/core": "file:../../packages/core",
        "@surfaceloom/test": "file:../../packages/test"
      },
      "engines": {
        "node": ">=20"
      }
    },
    "../../packages/browser-playwright": {
      "name": "@surfaceloom/browser-playwright",
      "version": "0.1.0",
      "license": "MIT",
      "dependencies": {
        "playwright-core": "^1.63.0"
      },
      "devDependencies": {
        "@surfaceloom/test": "file:../test",
        "@types/node": "^22.10.2",
        "tsx": "^4.19.2",
        "typescript": "^5.7.2"
      },
      "engines": {
        "node": ">=20"
      },
      "peerDependencies": {
        "@surfaceloom/test": "0.1.0"
      },
      "peerDependenciesMeta": {
        "@surfaceloom/test": {
          "optional": true
        }
      }
    },
    "../../packages/core": {
      "name": "@surfaceloom/core",
      "version": "0.1.0",
      "license": "MIT",
      "devDependencies": {
        "@types/node": "^22.10.2",
        "tsx": "^4.19.2",
        "typescript": "^5.7.2"
      },
      "engines": {
        "node": ">=20"
      }
    },
    "../../packages/test": {
      "name": "@surfaceloom/test",
      "version": "0.1.0",
      "license": "MIT",
      "dependencies": {
        "@surfaceloom/core": "file:../core",
        "@surfaceloom/reporter": "file:../reporter"
      },
      "bin": {
        "sl-test": "dist/cli/bin.js"
      },
      "devDependencies": {
        "@types/node": "^22.10.2",
        "tsx": "^4.19.2",
        "typescript": "^5.7.2"
      },
      "engines": {
        "node": ">=20"
      }
    },
    "node_modules/@surfaceloom/browser-playwright": {
      "resolved": "../../packages/browser-playwright",
      "link": true
    },
    "node_modules/@surfaceloom/core": {
      "resolved": "../../packages/core",
      "link": true
    },
    "node_modules/@surfaceloom/test": {
      "resolved": "../../packages/test",
      "link": true
    }
  }
}
